// !$*UTF8*$!
{
	archiveVersion = 1;
	classes = {
	};
	objectVersion = 45;
	objects = {

/* Begin PBXBuildFile section */
		1D3623260D0F684500981E51 /* AppDelegate.m in Sources */ = {isa = PBXBuildFile; fileRef = 1D3623250D0F684500981E51 /* AppDelegate.m */; };
		1D60589B0D05DD56006BFB54 /* main.m in Sources */ = {isa = PBXBuildFile; fileRef = 29B97316FDCFA39411CA2CEA /* main.m */; };
		1D60589F0D05DD5A006BFB54 /* Foundation.framework in Frameworks */ = {isa = PBXBuildFile; fileRef = 1D30AB110D05D00D00671497 /* Foundation.framework */; };
		1DF5F4E00D08C38300B7A737 /* UIKit.framework in Frameworks */ = {isa = PBXBuildFile; fileRef = 1DF5F4DF0D08C38300B7A737 /* UIKit.framework */; };
		288765A50DF7441C002DB57D /* CoreGraphics.framework in Frameworks */ = {isa = PBXBuildFile; fileRef = 288765A40DF7441C002DB57D /* CoreGraphics.framework */; };
		2899E5220DE3E06400AC0155 /* MainViewController.xib in Resources */ = {isa = PBXBuildFile; fileRef = 2899E5210DE3E06400AC0155 /* MainViewController.xib */; };
		28AD733F0D9D9553002E5188 /* MainWindow.xib in Resources */ = {isa = PBXBuildFile; fileRef = 28AD733E0D9D9553002E5188 /* MainWindow.xib */; };
		28D7ACF80DDB3853001CB0EB /* MainViewController.m in Sources */ = {isa = PBXBuildFile; fileRef = 28D7ACF70DDB3853001CB0EB /* MainViewController.m */; };
		3E2D505F0FAA93B900EC048B /* PinViewController.m in Sources */ = {isa = PBXBuildFile; fileRef = 3E2D505E0FAA93B900EC048B /* PinViewController.m */; };
		3E2D50630FAA93CE00EC048B /* NumPadButton.png in Resources */ = {isa = PBXBuildFile; fileRef = 3E2D50600FAA93CE00EC048B /* NumPadButton.png */; };
		3E2D50640FAA93CE00EC048B /* NumPadSelected.png in Resources */ = {isa = PBXBuildFile; fileRef = 3E2D50610FAA93CE00EC048B /* NumPadSelected.png */; };
		3E2D50650FAA93CE00EC048B /* PinView.xib in Resources */ = {isa = PBXBuildFile; fileRef = 3E2D50620FAA93CE00EC048B /* PinView.xib */; };
		3E2D50890FAA966300EC048B /* Pin.m in Sources */ = {isa = PBXBuildFile; fileRef = 3E2D50880FAA966300EC048B /* Pin.m */; };
		3E97AE670F921AF600C65095 /* config.png in Resources */ = {isa = PBXBuildFile; fileRef = 3E97AE660F921AF600C65095 /* config.png */; };
		3E97AE6C0F921B8E00C65095 /* backward.png in Resources */ = {isa = PBXBuildFile; fileRef = 3E97AE6B0F921B8E00C65095 /* backward.png */; };
		3E97AE950F921E5E00C65095 /* ConfigViewController.m in Sources */ = {isa = PBXBuildFile; fileRef = 3E97AE940F921E5E00C65095 /* ConfigViewController.m */; };
		3E97AEB50F921FC300C65095 /* ConfigView.xib in Resources */ = {isa = PBXBuildFile; fileRef = 3E97AEB40F921FC300C65095 /* ConfigView.xib */; };
		3E97AECD0F92274100C65095 /* ContainerCell.m in Sources */ = {isa = PBXBuildFile; fileRef = 3E97AECC0F92274100C65095 /* ContainerCell.m */; };
		3E97AEFF0F922AB400C65095 /* Config.m in Sources */ = {isa = PBXBuildFile; fileRef = 3E97AEFE0F922AB400C65095 /* Config.m */; };
		3E97AFA30F923B5200C65095 /* Icon.png in Resources */ = {isa = PBXBuildFile; fileRef = 3E97AFA20F923B5200C65095 /* Icon.png */; };
		3EA4CAFD1191AF1A00B15238 /* MainWindow-iPad.xib in Resources */ = {isa = PBXBuildFile; fileRef = 3EA4CAFC1191AF1A00B15238 /* MainWindow-iPad.xib */; };
		3EA4CB221191B1A400B15238 /* PinView-iPad.xib in Resources */ = {isa = PBXBuildFile; fileRef = 3EA4CB211191B1A400B15238 /* PinView-iPad.xib */; };
		3EA4CB471191B55A00B15238 /* MainViewController-iPad.xib in Resources */ = {isa = PBXBuildFile; fileRef = 3EA4CB461191B55A00B15238 /* MainViewController-iPad.xib */; };
		3EA4CB6F1191BA9900B15238 /* Icon-iPad.png in Resources */ = {isa = PBXBuildFile; fileRef = 3EA4CB6E1191BA9900B15238 /* Icon-iPad.png */; };
/* End PBXBuildFile section */

/* Begin PBXFileReference section */
		1D30AB110D05D00D00671497 /* Foundation.framework */ = {isa = PBXFileReference; lastKnownFileType = wrapper.framework; name = Foundation.framework; path = System/Library/Frameworks/Foundation.framework; sourceTree = SDKROOT; };
		1D3623240D0F684500981E51 /* AppDelegate.h */ = {isa = PBXFileReference; fileEncoding = 4; lastKnownFileType = sourcecode.c.h; path = AppDelegate.h; sourceTree = "<group>"; };
		1D3623250D0F684500981E51 /* AppDelegate.m */ = {isa = PBXFileReference; fileEncoding = 4; lastKnownFileType = sourcecode.c.objc; path = AppDelegate.m; sourceTree = "<group>"; };
		1D6058910D05DD3D006BFB54 /* ExpressYoyaku.app */ = {isa = PBXFileReference; explicitFileType = wrapper.application; includeInIndex = 0; path = ExpressYoyaku.app; sourceTree = BUILT_PRODUCTS_DIR; };
		1DF5F4DF0D08C38300B7A737 /* UIKit.framework */ = {isa = PBXFileReference; lastKnownFileType = wrapper.framework; name = UIKit.framework; path = System/Library/Frameworks/UIKit.framework; sourceTree = SDKROOT; };
		288765A40DF7441C002DB57D /* CoreGraphics.framework */ = {isa = PBXFileReference; lastKnownFileType = wrapper.framework; name = CoreGraphics.framework; path = System/Library/Frameworks/CoreGraphics.framework; sourceTree = SDKROOT; };
		2899E5210DE3E06400AC0155 /* MainViewController.xib */ = {isa = PBXFileReference; lastKnownFileType = file.xib; path = MainViewController.xib; sourceTree = "<group>"; };
		28AD733E0D9D9553002E5188 /* MainWindow.xib */ = {isa = PBXFileReference; lastKnownFileType = file.xib; path = MainWindow.xib; sourceTree = "<group>"; };
		28D7ACF60DDB3853001CB0EB /* MainViewController.h */ = {isa = PBXFileReference; fileEncoding = 4; lastKnownFileType = sourcecode.c.h; path = MainViewController.h; sourceTree = "<group>"; };
		28D7ACF70DDB3853001CB0EB /* MainViewController.m */ = {isa = PBXFileReference; fileEncoding = 4; lastKnownFileType = sourcecode.c.objc; path = MainViewController.m; sourceTree = "<group>"; };
		29B97316FDCFA39411CA2CEA /* main.m */ = {isa = PBXFileReference; fileEncoding = 4; lastKnownFileType = sourcecode.c.objc; path = main.m; sourceTree = "<group>"; };
		32CA4F630368D1EE00C91783 /* ExpressYoyaku_Prefix.pch */ = {isa = PBXFileReference; fileEncoding = 4; lastKnownFileType = sourcecode.c.h; path = ExpressYoyaku_Prefix.pch; sourceTree = "<group>"; };
		3E2D505D0FAA93B900EC048B /* PinViewController.h */ = {isa = PBXFileReference; fileEncoding = 4; lastKnownFileType = sourcecode.c.h; path = PinViewController.h; sourceTree = "<group>"; };
		3E2D505E0FAA93B900EC048B /* PinViewController.m */ = {isa = PBXFileReference; fileEncoding = 4; lastKnownFileType = sourcecode.c.objc; path = PinViewController.m; sourceTree = "<group>"; };
		3E2D50600FAA93CE00EC048B /* NumPadButton.png */ = {isa = PBXFileReference; lastKnownFileType = image.png; path = NumPadButton.png; sourceTree = "<group>"; };
		3E2D50610FAA93CE00EC048B /* NumPadSelected.png */ = {isa = PBXFileReference; lastKnownFileType = image.png; path = NumPadSelected.png; sourceTree = "<group>"; };
		3E2D50620FAA93CE00EC048B /* PinView.xib */ = {isa = PBXFileReference; lastKnownFileType = file.xib; path = PinView.xib; sourceTree = "<group>"; };
		3E2D50870FAA966300EC048B /* Pin.h */ = {isa = PBXFileReference; fileEncoding = 4; lastKnownFileType = sourcecode.c.h; path = Pin.h; sourceTree = "<group>"; };
		3E2D50880FAA966300EC048B /* Pin.m */ = {isa = PBXFileReference; fileEncoding = 4; lastKnownFileType = sourcecode.c.objc; path = Pin.m; sourceTree = "<group>"; };
		3E97AE660F921AF600C65095 /* config.png */ = {isa = PBXFileReference; lastKnownFileType = image.png; path = config.png; sourceTree = "<group>"; };
		3E97AE6B0F921B8E00C65095 /* backward.png */ = {isa = PBXFileReference; lastKnownFileType = image.png; path = backward.png; sourceTree = "<group>"; };
		3E97AE930F921E5E00C65095 /* ConfigViewController.h */ = {isa = PBXFileReference; fileEncoding = 4; lastKnownFileType = sourcecode.c.h; path = ConfigViewController.h; sourceTree = "<group>"; };
		3E97AE940F921E5E00C65095 /* ConfigViewController.m */ = {isa = PBXFileReference; fileEncoding = 4; lastKnownFileType = sourcecode.c.objc; path = ConfigViewController.m; sourceTree = "<group>"; };
		3E97AEB40F921FC300C65095 /* ConfigView.xib */ = {isa = PBXFileReference; lastKnownFileType = file.xib; path = ConfigView.xib; sourceTree = "<group>"; };
		3E97AECB0F92274100C65095 /* ContainerCell.h */ = {isa = PBXFileReference; fileEncoding = 4; lastKnownFileType = sourcecode.c.h; path = ContainerCell.h; sourceTree = "<group>"; };
		3E97AECC0F92274100C65095 /* ContainerCell.m */ = {isa = PBXFileReference; fileEncoding = 4; lastKnownFileType = sourcecode.c.objc; path = ContainerCell.m; sourceTree = "<group>"; };
		3E97AEFD0F922AB400C65095 /* Config.h */ = {isa = PBXFileReference; fileEncoding = 4; lastKnownFileType = sourcecode.c.h; path = Config.h; sourceTree = "<group>"; };
		3E97AEFE0F922AB400C65095 /* Config.m */ = {isa = PBXFileReference; fileEncoding = 4; lastKnownFileType = sourcecode.c.objc; path = Config.m; sourceTree = "<group>"; };
		3E97AFA20F923B5200C65095 /* Icon.png */ = {isa = PBXFileReference; lastKnownFileType = image.png; path = Icon.png; sourceTree = "<group>"; };
		3EA4CAFC1191AF1A00B15238 /* MainWindow-iPad.xib */ = {isa = PBXFileReference; lastKnownFileType = file.xib; path = "MainWindow-iPad.xib"; sourceTree = "<group>"; };
		3EA4CB211191B1A400B15238 /* PinView-iPad.xib */ = {isa = PBXFileReference; lastKnownFileType = file.xib; path = "PinView-iPad.xib"; sourceTree = "<group>"; };
		3EA4CB461191B55A00B15238 /* MainViewController-iPad.xib */ = {isa = PBXFileReference; lastKnownFileType = file.xib; path = "MainViewController-iPad.xib"; sourceTree = "<group>"; };
		3EA4CB6E1191BA9900B15238 /* Icon-iPad.png */ = {isa = PBXFileReference; lastKnownFileType = image.png; path = "Icon-iPad.png"; sourceTree = "<group>"; };
		8D1107310486CEB800E47090 /* Info.plist */ = {isa = PBXFileReference; fileEncoding = 4; lastKnownFileType = text.plist.xml; name = Info.plist; path = ../Info.plist; plistStructureDefinitionIdentifier = "com.apple.xcode.plist.structure-definition.iphone.info-plist"; sourceTree = "<group>"; };
/* End PBXFileReference section */

/* Begin PBXFrameworksBuildPhase section */
		1D60588F0D05DD3D006BFB54 /* Frameworks */ = {
			isa = PBXFrameworksBuildPhase;
			buildActionMask = 2147483647;
			files = (
				1D60589F0D05DD5A006BFB54 /* Foundation.framework in Frameworks */,
				1DF5F4E00D08C38300B7A737 /* UIKit.framework in Frameworks */,
				288765A50DF7441C002DB57D /* CoreGraphics.framework in Frameworks */,
			);
			runOnlyForDeploymentPostprocessing = 0;
		};
/* End PBXFrameworksBuildPhase section */

/* Begin PBXGroup section */
		080E96DDFE201D6D7F000001 /* Classes */ = {
			isa = PBXGroup;
			children = (
				1D3623240D0F684500981E51 /* AppDelegate.h */,
				1D3623250D0F684500981E51 /* AppDelegate.m */,
				28D7ACF60DDB3853001CB0EB /* MainViewController.h */,
				28D7ACF70DDB3853001CB0EB /* MainViewController.m */,
				3E97AE930F921E5E00C65095 /* ConfigViewController.h */,
				3E97AE940F921E5E00C65095 /* ConfigViewController.m */,
				3E97AECB0F92274100C65095 /* ContainerCell.h */,
				3E97AECC0F92274100C65095 /* ContainerCell.m */,
				3E97AEFD0F922AB400C65095 /* Config.h */,
				3E97AEFE0F922AB400C65095 /* Config.m */,
				3E2D50870FAA966300EC048B /* Pin.h */,
				3E2D50880FAA966300EC048B /* Pin.m */,
				3E2D505D0FAA93B900EC048B /* PinViewController.h */,
				3E2D505E0FAA93B900EC048B /* PinViewController.m */,
			);
			path = Classes;
			sourceTree = "<group>";
		};
		19C28FACFE9D520D11CA2CBB /* Products */ = {
			isa = PBXGroup;
			children = (
				1D6058910D05DD3D006BFB54 /* ExpressYoyaku.app */,
			);
			name = Products;
			sourceTree = "<group>";
		};
		29B97314FDCFA39411CA2CEA /* CustomTemplate */ = {
			isa = PBXGroup;
			children = (
				080E96DDFE201D6D7F000001 /* Classes */,
				29B97315FDCFA39411CA2CEA /* Other Sources */,
				29B97317FDCFA39411CA2CEA /* Resources */,
				3EA4CAE01191ADF100B15238 /* Resources-iPad */,
				29B97323FDCFA39411CA2CEA /* Frameworks */,
				19C28FACFE9D520D11CA2CBB /* Products */,
			);
			name = CustomTemplate;
			sourceTree = "<group>";
		};
		29B97315FDCFA39411CA2CEA /* Other Sources */ = {
			isa = PBXGroup;
			children = (
				32CA4F630368D1EE00C91783 /* ExpressYoyaku_Prefix.pch */,
				29B97316FDCFA39411CA2CEA /* main.m */,
			);
			name = "Other Sources";
			sourceTree = "<group>";
		};
		29B97317FDCFA39411CA2CEA /* Resources */ = {
			isa = PBXGroup;
			children = (
				3E97AFA20F923B5200C65095 /* Icon.png */,
				3EA4CB6E1191BA9900B15238 /* Icon-iPad.png */,
				28AD733E0D9D9553002E5188 /* MainWindow.xib */,
				3EA4CAFC1191AF1A00B15238 /* MainWindow-iPad.xib */,
				2899E5210DE3E06400AC0155 /* MainViewController.xib */,
				3EA4CB461191B55A00B15238 /* MainViewController-iPad.xib */,
				3E97AEB40F921FC300C65095 /* ConfigView.xib */,
				3E2D50620FAA93CE00EC048B /* PinView.xib */,
				3EA4CB211191B1A400B15238 /* PinView-iPad.xib */,
				8D1107310486CEB800E47090 /* Info.plist */,
				3E97AE660F921AF600C65095 /* config.png */,
				3E97AE6B0F921B8E00C65095 /* backward.png */,
				3E2D50610FAA93CE00EC048B /* NumPadSelected.png */,
				3E2D50600FAA93CE00EC048B /* NumPadButton.png */,
			);
			path = Resources;
			sourceTree = "<group>";
		};
		29B97323FDCFA39411CA2CEA /* Frameworks */ = {
			isa = PBXGroup;
			children = (
				1DF5F4DF0D08C38300B7A737 /* UIKit.framework */,
				1D30AB110D05D00D00671497 /* Foundation.framework */,
				288765A40DF7441C002DB57D /* CoreGraphics.framework */,
			);
			name = Frameworks;
			sourceTree = "<group>";
		};
		3EA4CAE01191ADF100B15238 /* Resources-iPad */ = {
			isa = PBXGroup;
			children = (
			);
			name = "Resources-iPad";
			sourceTree = "<group>";
		};
/* End PBXGroup section */

/* Begin PBXNativeTarget section */
		1D6058900D05DD3D006BFB54 /* ExpressYoyaku */ = {
			isa = PBXNativeTarget;
			buildConfigurationList = 1D6058960D05DD3E006BFB54 /* Build configuration list for PBXNativeTarget "ExpressYoyaku" */;
			buildPhases = (
				1D60588D0D05DD3D006BFB54 /* Resources */,
				1D60588E0D05DD3D006BFB54 /* Sources */,
				1D60588F0D05DD3D006BFB54 /* Frameworks */,
			);
			buildRules = (
			);
			dependencies = (
			);
			name = ExpressYoyaku;
			productName = ExpressYoyaku;
			productReference = 1D6058910D05DD3D006BFB54 /* ExpressYoyaku.app */;
			productType = "com.apple.product-type.application";
		};
/* End PBXNativeTarget section */

/* Begin PBXProject section */
		29B97313FDCFA39411CA2CEA /* Project object */ = {
			isa = PBXProject;
			buildConfigurationList = C01FCF4E08A954540054247B /* Build configuration list for PBXProject "ExpressYoyaku" */;
			compatibilityVersion = "Xcode 3.1";
			developmentRegion = English;
			hasScannedForEncodings = 1;
			knownRegions = (
				English,
				Japanese,
				French,
				German,
			);
			mainGroup = 29B97314FDCFA39411CA2CEA /* CustomTemplate */;
			projectDirPath = "";
			projectRoot = "";
			targets = (
				1D6058900D05DD3D006BFB54 /* ExpressYoyaku */,
			);
		};
/* End PBXProject section */

/* Begin PBXResourcesBuildPhase section */
		1D60588D0D05DD3D006BFB54 /* Resources */ = {
			isa = PBXResourcesBuildPhase;
			buildActionMask = 2147483647;
			files = (
				28AD733F0D9D9553002E5188 /* MainWindow.xib in Resources */,
				2899E5220DE3E06400AC0155 /* MainViewController.xib in Resources */,
				3E97AE670F921AF600C65095 /* config.png in Resources */,
				3E97AE6C0F921B8E00C65095 /* backward.png in Resources */,
				3E97AEB50F921FC300C65095 /* ConfigView.xib in Resources */,
				3E97AFA30F923B5200C65095 /* Icon.png in Resources */,
				3E2D50630FAA93CE00EC048B /* NumPadButton.png in Resources */,
				3E2D50640FAA93CE00EC048B /* NumPadSelected.png in Resources */,
				3E2D50650FAA93CE00EC048B /* PinView.xib in Resources */,
				3EA4CAFD1191AF1A00B15238 /* MainWindow-iPad.xib in Resources */,
				3EA4CB221191B1A400B15238 /* PinView-iPad.xib in Resources */,
				3EA4CB471191B55A00B15238 /* MainViewController-iPad.xib in Resources */,
				3EA4CB6F1191BA9900B15238 /* Icon-iPad.png in Resources */,
			);
			runOnlyForDeploymentPostprocessing = 0;
		};
/* End PBXResourcesBuildPhase section */

/* Begin PBXSourcesBuildPhase section */
		1D60588E0D05DD3D006BFB54 /* Sources */ = {
			isa = PBXSourcesBuildPhase;
			buildActionMask = 2147483647;
			files = (
				1D60589B0D05DD56006BFB54 /* main.m in Sources */,
				1D3623260D0F684500981E51 /* AppDelegate.m in Sources */,
				28D7ACF80DDB3853001CB0EB /* MainViewController.m in Sources */,
				3E97AE950F921E5E00C65095 /* ConfigViewController.m in Sources */,
				3E97AECD0F92274100C65095 /* ContainerCell.m in Sources */,
				3E97AEFF0F922AB400C65095 /* Config.m in Sources */,
				3E2D505F0FAA93B900EC048B /* PinViewController.m in Sources */,
				3E2D50890FAA966300EC048B /* Pin.m in Sources */,
			);
			runOnlyForDeploymentPostprocessing = 0;
		};
/* End PBXSourcesBuildPhase section */

/* Begin XCBuildConfiguration section */
		1D6058940D05DD3E006BFB54 /* Debug */ = {
			isa = XCBuildConfiguration;
			buildSettings = {
				ALWAYS_SEARCH_USER_PATHS = NO;
				ARCHS = "$(ARCHS_UNIVERSAL_IPHONE_OS)";
				"CODE_SIGN_IDENTITY[sdk=iphoneos*]" = "iPhone Developer";
				COPY_PHASE_STRIP = NO;
				GCC_DYNAMIC_NO_PIC = NO;
				GCC_OPTIMIZATION_LEVEL = 0;
				GCC_PRECOMPILE_PREFIX_HEADER = YES;
				GCC_PREFIX_HEADER = ExpressYoyaku_Prefix.pch;
				INFOPLIST_FILE = Info.plist;
				IPHONEOS_DEPLOYMENT_TARGET = 3.1.3;
				ONLY_ACTIVE_ARCH = NO;
				PRODUCT_NAME = ExpressYoyaku;
				"PROVISIONING_PROFILE[sdk=iphoneos*]" = "";
				SDKROOT = iphoneos3.2;
				TARGETED_DEVICE_FAMILY = "1,2";
			};
			name = Debug;
		};
		1D6058950D05DD3E006BFB54 /* Release */ = {
			isa = XCBuildConfiguration;
			buildSettings = {
				ALWAYS_SEARCH_USER_PATHS = NO;
				ARCHS = "$(ARCHS_UNIVERSAL_IPHONE_OS)";
				COPY_PHASE_STRIP = YES;
				GCC_PRECOMPILE_PREFIX_HEADER = YES;
				GCC_PREFIX_HEADER = ExpressYoyaku_Prefix.pch;
				INFOPLIST_FILE = Info.plist;
				IPHONEOS_DEPLOYMENT_TARGET = 3.1.3;
				ONLY_ACTIVE_ARCH = NO;
				PRODUCT_NAME = ExpressYoyaku;
				SDKROOT = iphoneos3.2;
				TARGETED_DEVICE_FAMILY = "1,2";
			};
			name = Release;
		};
		3E97AFD20F923FE500C65095 /* Distribution */ = {
			isa = XCBuildConfiguration;
			buildSettings = {
				ARCHS = "$(ARCHS_STANDARD_32_BIT)";
				"CODE_SIGN_IDENTITY[sdk=iphoneos*]" = "iPhone Developer";
				GCC_C_LANGUAGE_STANDARD = c99;
				GCC_WARN_ABOUT_RETURN_TYPE = YES;
				GCC_WARN_UNUSED_VARIABLE = YES;
				PREBINDING = NO;
				SDKROOT = iphoneos2.0;
			};
			name = Distribution;
		};
		3E97AFD30F923FE500C65095 /* Distribution */ = {
			isa = XCBuildConfiguration;
			buildSettings = {
				ALWAYS_SEARCH_USER_PATHS = NO;
				ARCHS = "$(ARCHS_UNIVERSAL_IPHONE_OS)";
				"CODE_SIGN_IDENTITY[sdk=iphoneos*]" = "iPhone Distribution";
				COPY_PHASE_STRIP = YES;
				GCC_PRECOMPILE_PREFIX_HEADER = YES;
				GCC_PREFIX_HEADER = ExpressYoyaku_Prefix.pch;
				INFOPLIST_FILE = Info.plist;
				IPHONEOS_DEPLOYMENT_TARGET = 3.1.3;
				ONLY_ACTIVE_ARCH = NO;
				PRODUCT_NAME = ExpressYoyaku;
				"PROVISIONING_PROFILE[sdk=iphoneos*]" = "";
				SDKROOT = iphoneos3.2;
				TARGETED_DEVICE_FAMILY = "1,2";
			};
			name = Distribution;
		};
		C01FCF4F08A954540054247B /* Debug */ = {
			isa = XCBuildConfiguration;
			buildSettings = {
				ARCHS = "$(ARCHS_STANDARD_32_BIT)";
				"CODE_SIGN_IDENTITY[sdk=iphoneos*]" = "iPhone Developer";
				GCC_C_LANGUAGE_STANDARD = c99;
				GCC_WARN_ABOUT_RETURN_TYPE = YES;
				GCC_WARN_UNUSED_VARIABLE = YES;
				ONLY_ACTIVE_ARCH = YES;
				PREBINDING = NO;
				"PROVISIONING_PROFILE[sdk=iphoneos*]" = "";
				SDKROOT = iphoneos2.2.1;
			};
			name = Debug;
		};
		C01FCF5008A954540054247B /* Release */ = {
			isa = XCBuildConfiguration;
			buildSettings = {
				ARCHS = "$(ARCHS_STANDARD_32_BIT)";
				"CODE_SIGN_IDENTITY[sdk=iphoneos*]" = "iPhone Developer";
				GCC_C_LANGUAGE_STANDARD = c99;
				GCC_WARN_ABOUT_RETURN_TYPE = YES;
				GCC_WARN_UNUSED_VARIABLE = YES;
				PREBINDING = NO;
				SDKROOT = iphoneos2.0;
			};
			name = Release;
		};
/* End XCBuildConfiguration section */

/* Begin XCConfigurationList section */
		1D6058960D05DD3E006BFB54 /* Build configuration list for PBXNativeTarget "ExpressYoyaku" */ = {
			isa = XCConfigurationList;
			buildConfigurations = (
				1D6058940D05DD3E006BFB54 /* Debug */,
				1D6058950D05DD3E006BFB54 /* Release */,
				3E97AFD30F923FE500C65095 /* Distribution */,
			);
			defaultConfigurationIsVisible = 0;
			defaultConfigurationName = Release;
		};
		C01FCF4E08A954540054247B /* Build configuration list for PBXProject "ExpressYoyaku" */ = {
			isa = XCConfigurationList;
			buildConfigurations = (
				C01FCF4F08A954540054247B /* Debug */,
				C01FCF5008A954540054247B /* Release */,
				3E97AFD20F923FE500C65095 /* Distribution */,
			);
			defaultConfigurationIsVisible = 0;
			defaultConfigurationName = Release;
		};
/* End XCConfigurationList section */
	};
	rootObject = 29B97313FDCFA39411CA2CEA /* Project object */;
}
